
Microsoft Visual Studio Solution File, Format Version 12.00
# Visual Studio Version 16
VisualStudioVersion = 16.0.31624.102
MinimumVisualStudioVersion = 10.0.40219.1
Project("{FAE04EC0-301F-11D3-BF4B-00C04F79EFBC}") = "Deadlock", "Deadlock\Deadlock.csproj", "{8390BE0C-53B5-44A8-9590-BEE82FB4ADC9}"
EndProject
Global
	GlobalSection(SolutionConfigurationPlatforms) = preSolution
		Debug|Any CPU = Debug|Any CPU
		Release|Any CPU = Release|Any CPU
	EndGlobalSection
	GlobalSection(ProjectConfigurationPlatforms) = postSolution
		{8390BE0C-53B5-44A8-9590-BEE82FB4ADC9}.Debug|Any CPU.ActiveCfg = Debug|Any CPU
		{8390BE0C-53B5-44A8-9590-BEE82FB4ADC9}.Debug|Any CPU.Build.0 = Debug|Any CPU
		{8390BE0C-53B5-44A8-9590-BEE82FB4ADC9}.Release|Any CPU.ActiveCfg = Release|Any CPU
		{8390BE0C-53B5-44A8-9590-BEE82FB4ADC9}.Release|Any CPU.Build.0 = Release|Any CPU
	EndGlobalSection
	GlobalSection(SolutionProperties) = preSolution
		HideSolutionNode = FALSE
	EndGlobalSection
	GlobalSection(ExtensibilityGlobals) = postSolution
		SolutionGuid = {2937AC0C-A09C-4D12-924B-02B1C111CDC4}
	EndGlobalSection
EndGlobal
